
Microsoft Visual Studio Solution File, Format Version 12.00
# Visual Studio Version 17
VisualStudioVersion = 17.4.33213.308
MinimumVisualStudioVersion = 10.0.40219.1
Project("{FAE04EC0-301F-11D3-BF4B-00C04F79EFBC}") = "EncompassDockerSample", "EncompassDockerSample\EncompassDockerSample.csproj", "{CFE4E698-CFEE-417C-82E4-B81DC03EB1C2}"
EndProject
Global
	GlobalSection(SolutionConfigurationPlatforms) = preSolution
		Debug|Any CPU = Debug|Any CPU
		Release|Any CPU = Release|Any CPU
	EndGlobalSection
	GlobalSection(ProjectConfigurationPlatforms) = postSolution
		{CFE4E698-CFEE-417C-82E4-B81DC03EB1C2}.Debug|Any CPU.ActiveCfg = Debug|Any CPU
		{CFE4E698-CFEE-417C-82E4-B81DC03EB1C2}.Debug|Any CPU.Build.0 = Debug|Any CPU
		{CFE4E698-CFEE-417C-82E4-B81DC03EB1C2}.Release|Any CPU.ActiveCfg = Release|Any CPU
		{CFE4E698-CFEE-417C-82E4-B81DC03EB1C2}.Release|Any CPU.Build.0 = Release|Any CPU
	EndGlobalSection
	GlobalSection(SolutionProperties) = preSolution
		HideSolutionNode = FALSE
	EndGlobalSection
	GlobalSection(ExtensibilityGlobals) = postSolution
		SolutionGuid = {6FCA56BD-00C0-4838-89E1-3ED91B8F6901}
	EndGlobalSection
EndGlobal
